PODS:
  - InputBarAccessoryView (5.1.0):
    - InputBarAccessoryView/Core (= 5.1.0)
  - InputBarAccessoryView/Core (5.1.0)
  - MessageKit (3.3.0):
    - InputBarAccessoryView (~> 5.1.0)
  - SwiftLint (0.39.2)

DEPENDENCIES:
  - MessageKit (~> 3.3.0)
  - SwiftLint (~> 0.39.1)

SPEC REPOS:
  trunk:
    - InputBarAccessoryView
    - MessageKit
    - SwiftLint

SPEC CHECKSUMS:
  InputBarAccessoryView: 19953f486a23e846e9487099f92bbe3456e46ce5
  MessageKit: 1f07618183be6d92b648ba7a384aafa097362a00
  SwiftLint: 22ccbbe3b8008684be5955693bab135e0ed6a447

PODFILE CHECKSUM: dbf0f617f8fa9a4aa231c4ddb49b30bb5100dfdc

COCOAPODS: 1.10.0
